
Microsoft Visual Studio Solution File, Format Version 12.00
# Visual Studio Version 16
VisualStudioVersion = 16.0.31205.134
MinimumVisualStudioVersion = 10.0.40219.1
Project("{FAE04EC0-301F-11D3-BF4B-00C04F79EFBC}") = "AsmxWebService", "AsmxWebService\AsmxWebService.csproj", "{0BD7D43B-B870-4EDE-91CE-8C842E55B9FF}"
EndProject
Project("{FAE04EC0-301F-11D3-BF4B-00C04F79EFBC}") = "Data", "Data\Data.csproj", "{E88B99CD-37B9-4FE1-B347-307E275654DA}"
EndProject
Project("{FAE04EC0-301F-11D3-BF4B-00C04F79EFBC}") = "Business", "Business\Business.csproj", "{95A5DC0D-1529-4AC3-83F9-39A4FF84B216}"
EndProject
Global
	GlobalSection(SolutionConfigurationPlatforms) = preSolution
		Debug|Any CPU = Debug|Any CPU
		Release|Any CPU = Release|Any CPU
	EndGlobalSection
	GlobalSection(ProjectConfigurationPlatforms) = postSolution
		{0BD7D43B-B870-4EDE-91CE-8C842E55B9FF}.Debug|Any CPU.ActiveCfg = Debug|Any CPU
		{0BD7D43B-B870-4EDE-91CE-8C842E55B9FF}.Debug|Any CPU.Build.0 = Debug|Any CPU
		{0BD7D43B-B870-4EDE-91CE-8C842E55B9FF}.Release|Any CPU.ActiveCfg = Release|Any CPU
		{0BD7D43B-B870-4EDE-91CE-8C842E55B9FF}.Release|Any CPU.Build.0 = Release|Any CPU
		{E88B99CD-37B9-4FE1-B347-307E275654DA}.Debug|Any CPU.ActiveCfg = Debug|Any CPU
		{E88B99CD-37B9-4FE1-B347-307E275654DA}.Debug|Any CPU.Build.0 = Debug|Any CPU
		{E88B99CD-37B9-4FE1-B347-307E275654DA}.Release|Any CPU.ActiveCfg = Release|Any CPU
		{E88B99CD-37B9-4FE1-B347-307E275654DA}.Release|Any CPU.Build.0 = Release|Any CPU
		{95A5DC0D-1529-4AC3-83F9-39A4FF84B216}.Debug|Any CPU.ActiveCfg = Debug|Any CPU
		{95A5DC0D-1529-4AC3-83F9-39A4FF84B216}.Debug|Any CPU.Build.0 = Debug|Any CPU
		{95A5DC0D-1529-4AC3-83F9-39A4FF84B216}.Release|Any CPU.ActiveCfg = Release|Any CPU
		{95A5DC0D-1529-4AC3-83F9-39A4FF84B216}.Release|Any CPU.Build.0 = Release|Any CPU
	EndGlobalSection
	GlobalSection(SolutionProperties) = preSolution
		HideSolutionNode = FALSE
	EndGlobalSection
	GlobalSection(ExtensibilityGlobals) = postSolution
		SolutionGuid = {B80BA080-4C9A-429A-AE7A-448C9BAFCD21}
	EndGlobalSection
EndGlobal
